
Microsoft Visual Studio Solution File, Format Version 12.00
# Visual Studio 2012
Project("{FAE04EC0-301F-11D3-BF4B-00C04F79EFBC}") = "FluentLayout.Cassowary", "FluentLayout.Cassowary\FluentLayout.Cassowary.csproj", "{72BC634F-ABA5-4735-9B9E-A6701056258F}"
EndProject
Project("{FAE04EC0-301F-11D3-BF4B-00C04F79EFBC}") = "FluentLayout.Cassowary.Tests", "FluentLayout.Cassowary.Tests\FluentLayout.Cassowary.Tests.csproj", "{A05AED26-0909-49C9-AC97-750FCAB410F9}"
EndProject
Project("{FAE04EC0-301F-11D3-BF4B-00C04F79EFBC}") = "FluentLayout.Android", "FluentLayout.Android\FluentLayout.Android.csproj", "{693BA7DA-A102-4E42-8F26-C9C4B555FD85}"
EndProject
Project("{2150E333-8FDC-42A3-9474-1A3956D46DE8}") = "Submodules", "Submodules", "{45E8214A-22FD-4796-A193-7C91B0546DAA}"
EndProject
Project("{FAE04EC0-301F-11D3-BF4B-00C04F79EFBC}") = "Cassowary.Pcl", "Cassowary\Cassowary.Pcl\Cassowary.Pcl.csproj", "{5821E5B2-3621-4B74-AA19-A94DB5B9DE00}"
EndProject
Project("{FAE04EC0-301F-11D3-BF4B-00C04F79EFBC}") = "Cirrious.FluentLayouts", "Cirrious.FluentLayout\Cirrious.FluentLayouts\Cirrious.FluentLayouts.csproj", "{5697A587-ACC0-4C2D-8C4A-6E49A89EA804}"
EndProject
Global
	GlobalSection(SolutionConfigurationPlatforms) = preSolution
		Debug|Any CPU = Debug|Any CPU
		Release|Any CPU = Release|Any CPU
		Debug|iPhoneSimulator = Debug|iPhoneSimulator
		Release|iPhoneSimulator = Release|iPhoneSimulator
	EndGlobalSection
	GlobalSection(ProjectConfigurationPlatforms) = postSolution
		{5697A587-ACC0-4C2D-8C4A-6E49A89EA804}.Debug|Any CPU.ActiveCfg = Debug|Any CPU
		{5697A587-ACC0-4C2D-8C4A-6E49A89EA804}.Debug|Any CPU.Build.0 = Debug|Any CPU
		{5697A587-ACC0-4C2D-8C4A-6E49A89EA804}.Debug|iPhoneSimulator.ActiveCfg = Debug|Any CPU
		{5697A587-ACC0-4C2D-8C4A-6E49A89EA804}.Debug|iPhoneSimulator.Build.0 = Debug|Any CPU
		{5697A587-ACC0-4C2D-8C4A-6E49A89EA804}.Release|Any CPU.ActiveCfg = Release|Any CPU
		{5697A587-ACC0-4C2D-8C4A-6E49A89EA804}.Release|Any CPU.Build.0 = Release|Any CPU
		{5697A587-ACC0-4C2D-8C4A-6E49A89EA804}.Release|iPhoneSimulator.ActiveCfg = Release|Any CPU
		{5697A587-ACC0-4C2D-8C4A-6E49A89EA804}.Release|iPhoneSimulator.Build.0 = Release|Any CPU
		{5821E5B2-3621-4B74-AA19-A94DB5B9DE00}.Debug|Any CPU.ActiveCfg = Debug|Any CPU
		{5821E5B2-3621-4B74-AA19-A94DB5B9DE00}.Debug|Any CPU.Build.0 = Debug|Any CPU
		{5821E5B2-3621-4B74-AA19-A94DB5B9DE00}.Debug|iPhoneSimulator.ActiveCfg = Debug|Any CPU
		{5821E5B2-3621-4B74-AA19-A94DB5B9DE00}.Debug|iPhoneSimulator.Build.0 = Debug|Any CPU
		{5821E5B2-3621-4B74-AA19-A94DB5B9DE00}.Release|Any CPU.ActiveCfg = Release|Any CPU
		{5821E5B2-3621-4B74-AA19-A94DB5B9DE00}.Release|Any CPU.Build.0 = Release|Any CPU
		{5821E5B2-3621-4B74-AA19-A94DB5B9DE00}.Release|iPhoneSimulator.ActiveCfg = Release|Any CPU
		{5821E5B2-3621-4B74-AA19-A94DB5B9DE00}.Release|iPhoneSimulator.Build.0 = Release|Any CPU
		{693BA7DA-A102-4E42-8F26-C9C4B555FD85}.Debug|Any CPU.ActiveCfg = Debug|Any CPU
		{693BA7DA-A102-4E42-8F26-C9C4B555FD85}.Debug|Any CPU.Build.0 = Debug|Any CPU
		{693BA7DA-A102-4E42-8F26-C9C4B555FD85}.Debug|iPhoneSimulator.ActiveCfg = Debug|Any CPU
		{693BA7DA-A102-4E42-8F26-C9C4B555FD85}.Debug|iPhoneSimulator.Build.0 = Debug|Any CPU
		{693BA7DA-A102-4E42-8F26-C9C4B555FD85}.Release|Any CPU.ActiveCfg = Release|Any CPU
		{693BA7DA-A102-4E42-8F26-C9C4B555FD85}.Release|Any CPU.Build.0 = Release|Any CPU
		{693BA7DA-A102-4E42-8F26-C9C4B555FD85}.Release|iPhoneSimulator.ActiveCfg = Release|Any CPU
		{693BA7DA-A102-4E42-8F26-C9C4B555FD85}.Release|iPhoneSimulator.Build.0 = Release|Any CPU
		{72BC634F-ABA5-4735-9B9E-A6701056258F}.Debug|Any CPU.ActiveCfg = Debug|Any CPU
		{72BC634F-ABA5-4735-9B9E-A6701056258F}.Debug|Any CPU.Build.0 = Debug|Any CPU
		{72BC634F-ABA5-4735-9B9E-A6701056258F}.Debug|iPhoneSimulator.ActiveCfg = Debug|Any CPU
		{72BC634F-ABA5-4735-9B9E-A6701056258F}.Debug|iPhoneSimulator.Build.0 = Debug|Any CPU
		{72BC634F-ABA5-4735-9B9E-A6701056258F}.Release|Any CPU.ActiveCfg = Release|Any CPU
		{72BC634F-ABA5-4735-9B9E-A6701056258F}.Release|Any CPU.Build.0 = Release|Any CPU
		{72BC634F-ABA5-4735-9B9E-A6701056258F}.Release|iPhoneSimulator.ActiveCfg = Release|Any CPU
		{72BC634F-ABA5-4735-9B9E-A6701056258F}.Release|iPhoneSimulator.Build.0 = Release|Any CPU
		{A05AED26-0909-49C9-AC97-750FCAB410F9}.Debug|Any CPU.ActiveCfg = Debug|iPhoneSimulator
		{A05AED26-0909-49C9-AC97-750FCAB410F9}.Debug|Any CPU.Build.0 = Debug|iPhoneSimulator
		{A05AED26-0909-49C9-AC97-750FCAB410F9}.Debug|iPhoneSimulator.ActiveCfg = Debug|iPhoneSimulator
		{A05AED26-0909-49C9-AC97-750FCAB410F9}.Debug|iPhoneSimulator.Build.0 = Debug|iPhoneSimulator
		{A05AED26-0909-49C9-AC97-750FCAB410F9}.Release|Any CPU.ActiveCfg = Release|iPhoneSimulator
		{A05AED26-0909-49C9-AC97-750FCAB410F9}.Release|Any CPU.Build.0 = Release|iPhoneSimulator
		{A05AED26-0909-49C9-AC97-750FCAB410F9}.Release|iPhoneSimulator.ActiveCfg = Release|iPhoneSimulator
		{A05AED26-0909-49C9-AC97-750FCAB410F9}.Release|iPhoneSimulator.Build.0 = Release|iPhoneSimulator
	EndGlobalSection
	GlobalSection(NestedProjects) = preSolution
		{5821E5B2-3621-4B74-AA19-A94DB5B9DE00} = {45E8214A-22FD-4796-A193-7C91B0546DAA}
		{5697A587-ACC0-4C2D-8C4A-6E49A89EA804} = {45E8214A-22FD-4796-A193-7C91B0546DAA}
	EndGlobalSection
	GlobalSection(MonoDevelopProperties) = preSolution
		StartupItem = FluentLayout.Android\FluentLayout.Android.csproj
	EndGlobalSection
EndGlobal
